
Microsoft Visual Studio Solution File, Format Version 12.00
# Visual Studio Version 16
VisualStudioVersion = 16.0.29326.143
MinimumVisualStudioVersion = 10.0.40219.1
Project("{9A19103F-16F7-4668-BE54-9A1E7A4F7556}") = "Ackee", "Ackee\Ackee.csproj", "{1DDF94D2-827E-490D-843B-FDFDAA27225B}"
EndProject
Project("{FAE04EC0-301F-11D3-BF4B-00C04F79EFBC}") = "DBMigrations", "DBMigrations\DBMigrations.csproj", "{BA830F40-F81E-4D7F-9095-8B3AA11FBFA1}"
EndProject
Global
	GlobalSection(SolutionConfigurationPlatforms) = preSolution
		Debug|Any CPU = Debug|Any CPU
		Release|Any CPU = Release|Any CPU
	EndGlobalSection
	GlobalSection(ProjectConfigurationPlatforms) = postSolution
		{1DDF94D2-827E-490D-843B-FDFDAA27225B}.Debug|Any CPU.ActiveCfg = Debug|Any CPU
		{1DDF94D2-827E-490D-843B-FDFDAA27225B}.Debug|Any CPU.Build.0 = Debug|Any CPU
		{1DDF94D2-827E-490D-843B-FDFDAA27225B}.Release|Any CPU.ActiveCfg = Release|Any CPU
		{1DDF94D2-827E-490D-843B-FDFDAA27225B}.Release|Any CPU.Build.0 = Release|Any CPU
		{BA830F40-F81E-4D7F-9095-8B3AA11FBFA1}.Debug|Any CPU.ActiveCfg = Debug|Any CPU
		{BA830F40-F81E-4D7F-9095-8B3AA11FBFA1}.Debug|Any CPU.Build.0 = Debug|Any CPU
		{BA830F40-F81E-4D7F-9095-8B3AA11FBFA1}.Release|Any CPU.ActiveCfg = Release|Any CPU
		{BA830F40-F81E-4D7F-9095-8B3AA11FBFA1}.Release|Any CPU.Build.0 = Release|Any CPU
	EndGlobalSection
	GlobalSection(SolutionProperties) = preSolution
		HideSolutionNode = FALSE
	EndGlobalSection
	GlobalSection(ExtensibilityGlobals) = postSolution
		SolutionGuid = {08B02945-679D-40EC-955C-ADB9F5FBE202}
	EndGlobalSection
EndGlobal
